{
  "version": 4,
  "terraform_version": "1.9.5",
  "serial": 62,
  "lineage": "7f282771-c556-4654-1962-fae057b644da",
  "outputs": {},
  "resources": [
    {
      "module": "module.fsx_whitelist_prefix_list",
      "mode": "managed",
      "type": "aws_ec2_managed_prefix_list",
      "name": "this",
      "provider": "provider[\"registry.terraform.io/hashicorp/aws\"]",
      "instances": [
        {
          "schema_version": 0,
          "attributes": {
            "address_family": "IPv4",
            "arn": "arn:aws:ec2:us-west-2:205930622599:prefix-list/pl-018b0ef3b633fe013",
            "entry": [],
            "id": "pl-018b0ef3b633fe013",
            "max_entries": 2,
            "name": "sandbox-fsx-whitelist-test-1-prefix_list",
            "owner_id": "205930622599",
            "tags": {
              "Name": "sandbox-fsx-whitelist-test-1-prefix_list"
            },
            "tags_all": {
              "DHCS:Environment": "sandbox",
              "Name": "sandbox-fsx-whitelist-test-1-prefix_list"
            },
            "version": 1
          },
          "sensitive_attributes": [],
          "private": "bnVsbA=="
        }
      ]
    },
    {
      "module": "module.fsx_whitelist_prefix_list",
      "mode": "managed",
      "type": "aws_ec2_managed_prefix_list_entry",
      "name": "this",
      "provider": "provider[\"registry.terraform.io/hashicorp/aws\"]",
      "instances": [
        {
          "index_key": "10.0.1.0/32",
          "schema_version": 0,
          "attributes": {
            "cidr": "10.0.1.0/32",
            "description": "Second CIDR block",
            "id": "pl-018b0ef3b633fe013,10.0.1.0/32",
            "prefix_list_id": "pl-018b0ef3b633fe013"
          },
          "sensitive_attributes": [],
          "private": "bnVsbA==",
          "dependencies": [
            "module.fsx_whitelist_prefix_list.aws_ec2_managed_prefix_list.this"
          ]
        },
        {
          "index_key": "192.168.1.0/32",
          "schema_version": 0,
          "attributes": {
            "cidr": "192.168.1.0/32",
            "description": "First CIDR block",
            "id": "pl-018b0ef3b633fe013,192.168.1.0/32",
            "prefix_list_id": "pl-018b0ef3b633fe013"
          },
          "sensitive_attributes": [],
          "private": "bnVsbA==",
          "dependencies": [
            "module.fsx_whitelist_prefix_list.aws_ec2_managed_prefix_list.this"
          ]
        }
      ]
    },
    {
      "module": "module.fsx_whitelist_prefix_list",
      "mode": "managed",
      "type": "aws_ram_principal_association",
      "name": "this",
      "provider": "provider[\"registry.terraform.io/hashicorp/aws\"]",
      "instances": [
        {
          "index_key": "o-zpqpmip2bd/ou-077q-6nzh6fp9",
          "schema_version": 0,
          "attributes": {
            "id": "arn:aws:ram:us-west-2:205930622599:resource-share/ab325469-dca1-49eb-aa6f-d1e69185da92,arn:aws:organizations::582983609964:ou/o-zpqpmip2bd/ou-077q-6nzh6fp9",
            "principal": "arn:aws:organizations::582983609964:ou/o-zpqpmip2bd/ou-077q-6nzh6fp9",
            "resource_share_arn": "arn:aws:ram:us-west-2:205930622599:resource-share/ab325469-dca1-49eb-aa6f-d1e69185da92"
          },
          "sensitive_attributes": [],
          "private": "bnVsbA==",
          "dependencies": [
            "module.fsx_whitelist_prefix_list.aws_ram_resource_share.this"
          ]
        },
        {
          "index_key": "o-zpqpmip2bd/ou-077q-eszh9m9t",
          "schema_version": 0,
          "attributes": {
            "id": "arn:aws:ram:us-west-2:205930622599:resource-share/ab325469-dca1-49eb-aa6f-d1e69185da92,arn:aws:organizations::582983609964:ou/o-zpqpmip2bd/ou-077q-eszh9m9t",
            "principal": "arn:aws:organizations::582983609964:ou/o-zpqpmip2bd/ou-077q-eszh9m9t",
            "resource_share_arn": "arn:aws:ram:us-west-2:205930622599:resource-share/ab325469-dca1-49eb-aa6f-d1e69185da92"
          },
          "sensitive_attributes": [],
          "private": "bnVsbA==",
          "dependencies": [
            "module.fsx_whitelist_prefix_list.aws_ram_resource_share.this"
          ]
        }
      ]
    },
    {
      "module": "module.fsx_whitelist_prefix_list",
      "mode": "managed",
      "type": "aws_ram_resource_association",
      "name": "this",
      "provider": "provider[\"registry.terraform.io/hashicorp/aws\"]",
      "instances": [
        {
          "schema_version": 0,
          "attributes": {
            "id": "arn:aws:ram:us-west-2:205930622599:resource-share/ab325469-dca1-49eb-aa6f-d1e69185da92,arn:aws:ec2:us-west-2:205930622599:prefix-list/pl-018b0ef3b633fe013",
            "resource_arn": "arn:aws:ec2:us-west-2:205930622599:prefix-list/pl-018b0ef3b633fe013",
            "resource_share_arn": "arn:aws:ram:us-west-2:205930622599:resource-share/ab325469-dca1-49eb-aa6f-d1e69185da92"
          },
          "sensitive_attributes": [],
          "private": "bnVsbA==",
          "dependencies": [
            "module.fsx_whitelist_prefix_list.aws_ec2_managed_prefix_list.this",
            "module.fsx_whitelist_prefix_list.aws_ram_resource_share.this"
          ]
        }
      ]
    },
    {
      "module": "module.fsx_whitelist_prefix_list",
      "mode": "managed",
      "type": "aws_ram_resource_share",
      "name": "this",
      "provider": "provider[\"registry.terraform.io/hashicorp/aws\"]",
      "instances": [
        {
          "schema_version": 0,
          "attributes": {
            "allow_external_principals": false,
            "arn": "arn:aws:ram:us-west-2:205930622599:resource-share/ab325469-dca1-49eb-aa6f-d1e69185da92",
            "id": "arn:aws:ram:us-west-2:205930622599:resource-share/ab325469-dca1-49eb-aa6f-d1e69185da92",
            "name": "sandbox-fsx-whitelist-test-1-prefix_list_share",
            "permission_arns": [],
            "tags": null,
            "tags_all": {
              "DHCS:Environment": "sandbox"
            },
            "timeouts": null
          },
          "sensitive_attributes": [],
          "private": "eyJlMmJmYjczMC1lY2FhLTExZTYtOGY4OC0zNDM2M2JjN2M0YzAiOnsiY3JlYXRlIjozMDAwMDAwMDAwMDAsImRlbGV0ZSI6MzAwMDAwMDAwMDAwfX0="
        }
      ]
    }
  ],
  "check_results": null
}
